
Microsoft Visual Studio Solution File, Format Version 12.00
# Visual Studio 15
VisualStudioVersion = 15.0.26124.0
MinimumVisualStudioVersion = 15.0.26124.0
Project("{FAE04EC0-301F-11D3-BF4B-00C04F79EFBC}") = "Tiger.Hal.Client", "src\Tiger.Hal.Client\Tiger.Hal.Client.csproj", "{4915844F-6BF9-4193-A594-5F3F7E890AAE}"
EndProject
Project("{FAE04EC0-301F-11D3-BF4B-00C04F79EFBC}") = "Test", "unit\Test.csproj", "{5A583F23-936F-4CE4-BF01-A2FE19EA916F}"
EndProject
Global
	GlobalSection(SolutionConfigurationPlatforms) = preSolution
		Debug|Any CPU = Debug|Any CPU
		Release|Any CPU = Release|Any CPU
	EndGlobalSection
	GlobalSection(SolutionProperties) = preSolution
		HideSolutionNode = FALSE
	EndGlobalSection
	GlobalSection(ProjectConfigurationPlatforms) = postSolution
		{4915844F-6BF9-4193-A594-5F3F7E890AAE}.Debug|Any CPU.ActiveCfg = Debug|Any CPU
		{4915844F-6BF9-4193-A594-5F3F7E890AAE}.Debug|Any CPU.Build.0 = Debug|Any CPU
		{4915844F-6BF9-4193-A594-5F3F7E890AAE}.Release|Any CPU.ActiveCfg = Release|Any CPU
		{4915844F-6BF9-4193-A594-5F3F7E890AAE}.Release|Any CPU.Build.0 = Release|Any CPU
		{5A583F23-936F-4CE4-BF01-A2FE19EA916F}.Debug|Any CPU.ActiveCfg = Debug|Any CPU
		{5A583F23-936F-4CE4-BF01-A2FE19EA916F}.Debug|Any CPU.Build.0 = Debug|Any CPU
		{5A583F23-936F-4CE4-BF01-A2FE19EA916F}.Release|Any CPU.ActiveCfg = Release|Any CPU
		{5A583F23-936F-4CE4-BF01-A2FE19EA916F}.Release|Any CPU.Build.0 = Release|Any CPU
	EndGlobalSection
EndGlobal
